
Microsoft Visual Studio Solution File, Format Version 12.00
# Visual Studio Version 16
VisualStudioVersion = 16.0.29613.14
MinimumVisualStudioVersion = 10.0.40219.1
Project("{FAE04EC0-301F-11D3-BF4B-00C04F79EFBC}") = "challenge cps 13 marqueaguilar", "challenge cps 13 marqueaguilar.csproj", "{4F19A53C-C34D-4DB8-9267-18DA43D14201}"
EndProject
Global
	GlobalSection(SolutionConfigurationPlatforms) = preSolution
		Debug|Any CPU = Debug|Any CPU
		Release|Any CPU = Release|Any CPU
	EndGlobalSection
	GlobalSection(ProjectConfigurationPlatforms) = postSolution
		{4F19A53C-C34D-4DB8-9267-18DA43D14201}.Debug|Any CPU.ActiveCfg = Debug|Any CPU
		{4F19A53C-C34D-4DB8-9267-18DA43D14201}.Debug|Any CPU.Build.0 = Debug|Any CPU
		{4F19A53C-C34D-4DB8-9267-18DA43D14201}.Release|Any CPU.ActiveCfg = Release|Any CPU
		{4F19A53C-C34D-4DB8-9267-18DA43D14201}.Release|Any CPU.Build.0 = Release|Any CPU
	EndGlobalSection
	GlobalSection(SolutionProperties) = preSolution
		HideSolutionNode = FALSE
	EndGlobalSection
	GlobalSection(ExtensibilityGlobals) = postSolution
		SolutionGuid = {EA4D80C8-0A45-4747-B7D5-B6E6CFE148DC}
	EndGlobalSection
EndGlobal
